// !$*UTF8*$!
{
	archiveVersion = 1;
	classes = {
	};
	objectVersion = 45;
	objects = {

/* Begin PBXBuildFile section */
		4D10B74710E2175D0079A305 /* nativehelper.h in Headers */ = {isa = PBXBuildFile; fileRef = 4D10B74610E2175D0079A305 /* nativehelper.h */; };
		4D44680510DDBDA3004F0019 /* Foundation.framework in Frameworks */ = {isa = PBXBuildFile; fileRef = 4D44680410DDBDA3004F0019 /* Foundation.framework */; };
		4D44687C10DDC8ED004F0019 /* nativehelper.c in Sources */ = {isa = PBXBuildFile; fileRef = 4D44687A10DDC8ED004F0019 /* nativehelper.c */; };
		4D44688210DDC9B7004F0019 /* CoreNative_Prefix.pch in Headers */ = {isa = PBXBuildFile; fileRef = 4D44688110DDC9B7004F0019 /* CoreNative_Prefix.pch */; };
/* End PBXBuildFile section */

/* Begin PBXFileReference section */
		0867D69BFE84028FC02AAC07 /* Foundation.framework */ = {isa = PBXFileReference; lastKnownFileType = wrapper.framework; name = Foundation.framework; path = /System/Library/Frameworks/Foundation.framework; sourceTree = "<absolute>"; };
		0867D6A5FE840307C02AAC07 /* AppKit.framework */ = {isa = PBXFileReference; lastKnownFileType = wrapper.framework; name = AppKit.framework; path = /System/Library/Frameworks/AppKit.framework; sourceTree = "<absolute>"; };
		4D10B74610E2175D0079A305 /* nativehelper.h */ = {isa = PBXFileReference; fileEncoding = 4; lastKnownFileType = sourcecode.c.h; name = nativehelper.h; path = ../Core/src/native/nativehelper.h; sourceTree = SOURCE_ROOT; };
		4D44680410DDBDA3004F0019 /* Foundation.framework */ = {isa = PBXFileReference; lastKnownFileType = wrapper.framework; name = Foundation.framework; path = System/Library/Frameworks/Foundation.framework; sourceTree = SDKROOT; };
		4D44687A10DDC8ED004F0019 /* nativehelper.c */ = {isa = PBXFileReference; fileEncoding = 4; lastKnownFileType = sourcecode.c.c; path = nativehelper.c; sourceTree = "<group>"; };
		4D44688110DDC9B7004F0019 /* CoreNative_Prefix.pch */ = {isa = PBXFileReference; fileEncoding = 4; lastKnownFileType = sourcecode.c.h; path = CoreNative_Prefix.pch; sourceTree = "<group>"; };
		D2A6134D07B89F6200DD23D3 /* CoreData.framework */ = {isa = PBXFileReference; lastKnownFileType = wrapper.framework; name = CoreData.framework; path = /System/Library/Frameworks/CoreData.framework; sourceTree = "<absolute>"; };
		D2AAC0C705546C1D00DB518D /* libcouverjure.jnilib */ = {isa = PBXFileReference; explicitFileType = "compiled.mach-o.dylib"; includeInIndex = 0; path = libcouverjure.jnilib; sourceTree = BUILT_PRODUCTS_DIR; };
/* End PBXFileReference section */

/* Begin PBXFrameworksBuildPhase section */
		D2AAC0C505546C1D00DB518D /* Frameworks */ = {
			isa = PBXFrameworksBuildPhase;
			buildActionMask = 2147483647;
			files = (
				4D44680510DDBDA3004F0019 /* Foundation.framework in Frameworks */,
			);
			runOnlyForDeploymentPostprocessing = 0;
		};
/* End PBXFrameworksBuildPhase section */

/* Begin PBXGroup section */
		034768DFFF38A50411DB9C8B /* Products */ = {
			isa = PBXGroup;
			children = (
				D2AAC0C705546C1D00DB518D /* libcouverjure.jnilib */,
			);
			name = Products;
			sourceTree = "<group>";
		};
		0867D691FE84028FC02AAC07 /* Native */ = {
			isa = PBXGroup;
			children = (
				4D44684C10DDC821004F0019 /* src */,
				0867D69AFE84028FC02AAC07 /* External Frameworks and Libraries */,
				034768DFFF38A50411DB9C8B /* Products */,
			);
			name = Native;
			sourceTree = "<group>";
		};
		0867D69AFE84028FC02AAC07 /* External Frameworks and Libraries */ = {
			isa = PBXGroup;
			children = (
				1058C7B0FEA5585E11CA2CBB /* Linked Frameworks */,
				1058C7B2FEA5585E11CA2CBB /* Other Frameworks */,
			);
			name = "External Frameworks and Libraries";
			sourceTree = "<group>";
		};
		1058C7B0FEA5585E11CA2CBB /* Linked Frameworks */ = {
			isa = PBXGroup;
			children = (
				4D44680410DDBDA3004F0019 /* Foundation.framework */,
			);
			name = "Linked Frameworks";
			sourceTree = "<group>";
		};
		1058C7B2FEA5585E11CA2CBB /* Other Frameworks */ = {
			isa = PBXGroup;
			children = (
				0867D6A5FE840307C02AAC07 /* AppKit.framework */,
				D2A6134D07B89F6200DD23D3 /* CoreData.framework */,
				0867D69BFE84028FC02AAC07 /* Foundation.framework */,
			);
			name = "Other Frameworks";
			sourceTree = "<group>";
		};
		4D44684C10DDC821004F0019 /* src */ = {
			isa = PBXGroup;
			children = (
				4D10B74610E2175D0079A305 /* nativehelper.h */,
				4D44687A10DDC8ED004F0019 /* nativehelper.c */,
				4D44688110DDC9B7004F0019 /* CoreNative_Prefix.pch */,
			);
			name = src;
			sourceTree = "<group>";
		};
/* End PBXGroup section */

/* Begin PBXHeadersBuildPhase section */
		D2AAC0C305546C1D00DB518D /* Headers */ = {
			isa = PBXHeadersBuildPhase;
			buildActionMask = 2147483647;
			files = (
				4D44688210DDC9B7004F0019 /* CoreNative_Prefix.pch in Headers */,
				4D10B74710E2175D0079A305 /* nativehelper.h in Headers */,
			);
			runOnlyForDeploymentPostprocessing = 0;
		};
/* End PBXHeadersBuildPhase section */

/* Begin PBXNativeTarget section */
		D2AAC0C605546C1D00DB518D /* libcouverjure */ = {
			isa = PBXNativeTarget;
			buildConfigurationList = 1DEB917D08733D990010E9CD /* Build configuration list for PBXNativeTarget "libcouverjure" */;
			buildPhases = (
				D2AAC0C305546C1D00DB518D /* Headers */,
				D2AAC0C405546C1D00DB518D /* Sources */,
				D2AAC0C505546C1D00DB518D /* Frameworks */,
			);
			buildRules = (
			);
			dependencies = (
			);
			name = libcouverjure;
			productName = Native;
			productReference = D2AAC0C705546C1D00DB518D /* libcouverjure.jnilib */;
			productType = "com.apple.product-type.library.dynamic";
		};
/* End PBXNativeTarget section */

/* Begin PBXProject section */
		0867D690FE84028FC02AAC07 /* Project object */ = {
			isa = PBXProject;
			buildConfigurationList = 1DEB918108733D990010E9CD /* Build configuration list for PBXProject "CoreNative" */;
			compatibilityVersion = "Xcode 3.1";
			hasScannedForEncodings = 1;
			mainGroup = 0867D691FE84028FC02AAC07 /* Native */;
			productRefGroup = 034768DFFF38A50411DB9C8B /* Products */;
			projectDirPath = "";
			projectRoot = "";
			targets = (
				D2AAC0C605546C1D00DB518D /* libcouverjure */,
			);
		};
/* End PBXProject section */

/* Begin PBXSourcesBuildPhase section */
		D2AAC0C405546C1D00DB518D /* Sources */ = {
			isa = PBXSourcesBuildPhase;
			buildActionMask = 2147483647;
			files = (
				4D44687C10DDC8ED004F0019 /* nativehelper.c in Sources */,
			);
			runOnlyForDeploymentPostprocessing = 0;
		};
/* End PBXSourcesBuildPhase section */

/* Begin XCBuildConfiguration section */
		1DEB917E08733D990010E9CD /* Debug */ = {
			isa = XCBuildConfiguration;
			buildSettings = {
				ALWAYS_SEARCH_USER_PATHS = NO;
				COPY_PHASE_STRIP = NO;
				DYLIB_COMPATIBILITY_VERSION = 1;
				DYLIB_CURRENT_VERSION = 1;
				EXECUTABLE_EXTENSION = jnilib;
				GCC_DYNAMIC_NO_PIC = NO;
				GCC_ENABLE_FIX_AND_CONTINUE = YES;
				GCC_MODEL_TUNING = G5;
				GCC_OPTIMIZATION_LEVEL = 0;
				GCC_PRECOMPILE_PREFIX_HEADER = YES;
				GCC_PREFIX_HEADER = CoreNative_Prefix.pch;
				HEADER_SEARCH_PATHS = /System/Library/Frameworks/JavaVM.framework/Versions/1.6.0/Headers;
				INSTALL_PATH = /usr/local/lib;
				PRODUCT_NAME = libcouverjure;
			};
			name = Debug;
		};
		1DEB917F08733D990010E9CD /* Release */ = {
			isa = XCBuildConfiguration;
			buildSettings = {
				ALWAYS_SEARCH_USER_PATHS = NO;
				DEBUG_INFORMATION_FORMAT = "dwarf-with-dsym";
				DYLIB_COMPATIBILITY_VERSION = 1;
				DYLIB_CURRENT_VERSION = 1;
				EXECUTABLE_EXTENSION = jnilib;
				GCC_MODEL_TUNING = G5;
				GCC_PRECOMPILE_PREFIX_HEADER = YES;
				GCC_PREFIX_HEADER = CoreNative_Prefix.pch;
				HEADER_SEARCH_PATHS = /System/Library/Frameworks/JavaVM.framework/Versions/1.6.0/Headers;
				INSTALL_PATH = /usr/local/lib;
				PRODUCT_NAME = libcouverjure;
			};
			name = Release;
		};
		1DEB918208733D990010E9CD /* Debug */ = {
			isa = XCBuildConfiguration;
			buildSettings = {
				ARCHS = "$(ARCHS_STANDARD_32_64_BIT)";
				GCC_C_LANGUAGE_STANDARD = gnu99;
				GCC_OPTIMIZATION_LEVEL = 0;
				GCC_WARN_ABOUT_RETURN_TYPE = YES;
				GCC_WARN_UNUSED_VARIABLE = YES;
				ONLY_ACTIVE_ARCH = YES;
				PREBINDING = NO;
				SDKROOT = macosx10.6;
			};
			name = Debug;
		};
		1DEB918308733D990010E9CD /* Release */ = {
			isa = XCBuildConfiguration;
			buildSettings = {
				ARCHS = "$(ARCHS_STANDARD_32_64_BIT)";
				GCC_C_LANGUAGE_STANDARD = gnu99;
				GCC_WARN_ABOUT_RETURN_TYPE = YES;
				GCC_WARN_UNUSED_VARIABLE = YES;
				PREBINDING = NO;
				SDKROOT = macosx10.6;
			};
			name = Release;
		};
/* End XCBuildConfiguration section */

/* Begin XCConfigurationList section */
		1DEB917D08733D990010E9CD /* Build configuration list for PBXNativeTarget "libcouverjure" */ = {
			isa = XCConfigurationList;
			buildConfigurations = (
				1DEB917E08733D990010E9CD /* Debug */,
				1DEB917F08733D990010E9CD /* Release */,
			);
			defaultConfigurationIsVisible = 0;
			defaultConfigurationName = Release;
		};
		1DEB918108733D990010E9CD /* Build configuration list for PBXProject "CoreNative" */ = {
			isa = XCConfigurationList;
			buildConfigurations = (
				1DEB918208733D990010E9CD /* Debug */,
				1DEB918308733D990010E9CD /* Release */,
			);
			defaultConfigurationIsVisible = 0;
			defaultConfigurationName = Release;
		};
/* End XCConfigurationList section */
	};
	rootObject = 0867D690FE84028FC02AAC07 /* Project object */;
}
